
Microsoft Visual Studio Solution File, Format Version 12.00
Project("{FAE04EC0-301F-11D3-BF4B-00C04F79EFBC}") = "a02-enum", "a02-enum\a02-enum.csproj", "{7C45C5D2-C2E1-45AA-994D-E5FF1C7B9A26}"
EndProject
Global
	GlobalSection(SolutionConfigurationPlatforms) = preSolution
		Debug|Any CPU = Debug|Any CPU
		Release|Any CPU = Release|Any CPU
	EndGlobalSection
	GlobalSection(ProjectConfigurationPlatforms) = postSolution
		{7C45C5D2-C2E1-45AA-994D-E5FF1C7B9A26}.Debug|Any CPU.ActiveCfg = Debug|Any CPU
		{7C45C5D2-C2E1-45AA-994D-E5FF1C7B9A26}.Debug|Any CPU.Build.0 = Debug|Any CPU
		{7C45C5D2-C2E1-45AA-994D-E5FF1C7B9A26}.Release|Any CPU.ActiveCfg = Release|Any CPU
		{7C45C5D2-C2E1-45AA-994D-E5FF1C7B9A26}.Release|Any CPU.Build.0 = Release|Any CPU
	EndGlobalSection
EndGlobal
