
Microsoft Visual Studio Solution File, Format Version 12.00
Project("{FAE04EC0-301F-11D3-BF4B-00C04F79EFBC}") = "06 Object Oriented Basis", "06 Object Oriented Basis\06 Object Oriented Basis.csproj", "{22A557ED-81A4-40B0-AF97-4362B9D595B0}"
EndProject
Global
	GlobalSection(SolutionConfigurationPlatforms) = preSolution
		Debug|Any CPU = Debug|Any CPU
		Release|Any CPU = Release|Any CPU
	EndGlobalSection
	GlobalSection(ProjectConfigurationPlatforms) = postSolution
		{22A557ED-81A4-40B0-AF97-4362B9D595B0}.Debug|Any CPU.ActiveCfg = Debug|Any CPU
		{22A557ED-81A4-40B0-AF97-4362B9D595B0}.Debug|Any CPU.Build.0 = Debug|Any CPU
		{22A557ED-81A4-40B0-AF97-4362B9D595B0}.Release|Any CPU.ActiveCfg = Release|Any CPU
		{22A557ED-81A4-40B0-AF97-4362B9D595B0}.Release|Any CPU.Build.0 = Release|Any CPU
	EndGlobalSection
EndGlobal
